
Microsoft Visual Studio Solution File, Format Version 12.00
# Visual Studio Version 16
VisualStudioVersion = 16.0.32106.194
MinimumVisualStudioVersion = 10.0.40219.1
Project("{FAE04EC0-301F-11D3-BF4B-00C04F79EFBC}") = "Module_5", "Module_5\Module_5.csproj", "{725E2ACA-6DBA-4C81-B909-3115984F905B}"
EndProject
Global
	GlobalSection(SolutionConfigurationPlatforms) = preSolution
		Debug|Any CPU = Debug|Any CPU
		Release|Any CPU = Release|Any CPU
	EndGlobalSection
	GlobalSection(ProjectConfigurationPlatforms) = postSolution
		{725E2ACA-6DBA-4C81-B909-3115984F905B}.Debug|Any CPU.ActiveCfg = Debug|Any CPU
		{725E2ACA-6DBA-4C81-B909-3115984F905B}.Debug|Any CPU.Build.0 = Debug|Any CPU
		{725E2ACA-6DBA-4C81-B909-3115984F905B}.Release|Any CPU.ActiveCfg = Release|Any CPU
		{725E2ACA-6DBA-4C81-B909-3115984F905B}.Release|Any CPU.Build.0 = Release|Any CPU
	EndGlobalSection
	GlobalSection(SolutionProperties) = preSolution
		HideSolutionNode = FALSE
	EndGlobalSection
	GlobalSection(ExtensibilityGlobals) = postSolution
		SolutionGuid = {83A7C4ED-DE99-4FDC-A5A3-A670F2E03641}
	EndGlobalSection
EndGlobal
